
Microsoft Visual Studio Solution File, Format Version 11.00
# Visual Studio 2010
Project("{FAE04EC0-301F-11D3-BF4B-00C04F79EFBC}") = "GoogleMobileAds", "GoogleMobileAds.csproj", "{395E1909-39A3-0831-AF0E-8438E88CD79C}"
EndProject
Project("{FAE04EC0-301F-11D3-BF4B-00C04F79EFBC}") = "Assembly-CSharp", "Assembly-CSharp.csproj", "{6BF92AC6-A09D-02EB-5041-CB33C564EAC2}"
EndProject
Project("{FAE04EC0-301F-11D3-BF4B-00C04F79EFBC}") = "Assembly-CSharp-Editor", "Assembly-CSharp-Editor.csproj", "{69B0212E-0AAC-61EE-75B7-992DA8DDB418}"
EndProject
Project("{FAE04EC0-301F-11D3-BF4B-00C04F79EFBC}") = "GoogleMobileAds.Editor", "GoogleMobileAds.Editor.csproj", "{157EB36C-6FB1-7657-F184-9122CE8E3722}"
EndProject
Global
	GlobalSection(SolutionConfigurationPlatforms) = preSolution
		Debug|Any CPU = Debug|Any CPU
		Release|Any CPU = Release|Any CPU
	EndGlobalSection
	GlobalSection(ProjectConfigurationPlatforms) = postSolution
		{395E1909-39A3-0831-AF0E-8438E88CD79C}.Debug|Any CPU.ActiveCfg = Debug|Any CPU
		{395E1909-39A3-0831-AF0E-8438E88CD79C}.Debug|Any CPU.Build.0 = Debug|Any CPU
		{395E1909-39A3-0831-AF0E-8438E88CD79C}.Release|Any CPU.ActiveCfg = Release|Any CPU
		{395E1909-39A3-0831-AF0E-8438E88CD79C}.Release|Any CPU.Build.0 = Release|Any CPU
		{6BF92AC6-A09D-02EB-5041-CB33C564EAC2}.Debug|Any CPU.ActiveCfg = Debug|Any CPU
		{6BF92AC6-A09D-02EB-5041-CB33C564EAC2}.Debug|Any CPU.Build.0 = Debug|Any CPU
		{6BF92AC6-A09D-02EB-5041-CB33C564EAC2}.Release|Any CPU.ActiveCfg = Release|Any CPU
		{6BF92AC6-A09D-02EB-5041-CB33C564EAC2}.Release|Any CPU.Build.0 = Release|Any CPU
		{69B0212E-0AAC-61EE-75B7-992DA8DDB418}.Debug|Any CPU.ActiveCfg = Debug|Any CPU
		{69B0212E-0AAC-61EE-75B7-992DA8DDB418}.Debug|Any CPU.Build.0 = Debug|Any CPU
		{69B0212E-0AAC-61EE-75B7-992DA8DDB418}.Release|Any CPU.ActiveCfg = Release|Any CPU
		{69B0212E-0AAC-61EE-75B7-992DA8DDB418}.Release|Any CPU.Build.0 = Release|Any CPU
		{157EB36C-6FB1-7657-F184-9122CE8E3722}.Debug|Any CPU.ActiveCfg = Debug|Any CPU
		{157EB36C-6FB1-7657-F184-9122CE8E3722}.Debug|Any CPU.Build.0 = Debug|Any CPU
		{157EB36C-6FB1-7657-F184-9122CE8E3722}.Release|Any CPU.ActiveCfg = Release|Any CPU
		{157EB36C-6FB1-7657-F184-9122CE8E3722}.Release|Any CPU.Build.0 = Release|Any CPU
	EndGlobalSection
	GlobalSection(SolutionProperties) = preSolution
		HideSolutionNode = FALSE
	EndGlobalSection
EndGlobal
